
Microsoft Visual Studio Solution File, Format Version 12.00
# Visual Studio Version 17
VisualStudioVersion = 17.2.32602.215
MinimumVisualStudioVersion = 10.0.40219.1
Project("{FAE04EC0-301F-11D3-BF4B-00C04F79EFBC}") = "P01.Food_Finder", "P01.Food_Finder\P01.Food_Finder.csproj", "{3524A959-EACA-4652-A001-B2AFEFD75839}"
EndProject
Project("{FAE04EC0-301F-11D3-BF4B-00C04F79EFBC}") = "P02.Pawn_Wars", "P02.Pawn_Wars\P02.Pawn_Wars.csproj", "{50BF121B-6E51-4F0C-986F-D988B923D27D}"
EndProject
Project("{9A19103F-16F7-4668-BE54-9A1E7A4F7556}") = "P03.Stock_Market", "P03.Stock_Market\P03.Stock_Market.csproj", "{2FB9AB08-86B2-4353-893F-14678C92715A}"
EndProject
Global
	GlobalSection(SolutionConfigurationPlatforms) = preSolution
		Debug|Any CPU = Debug|Any CPU
		Release|Any CPU = Release|Any CPU
	EndGlobalSection
	GlobalSection(ProjectConfigurationPlatforms) = postSolution
		{3524A959-EACA-4652-A001-B2AFEFD75839}.Debug|Any CPU.ActiveCfg = Debug|Any CPU
		{3524A959-EACA-4652-A001-B2AFEFD75839}.Debug|Any CPU.Build.0 = Debug|Any CPU
		{3524A959-EACA-4652-A001-B2AFEFD75839}.Release|Any CPU.ActiveCfg = Release|Any CPU
		{3524A959-EACA-4652-A001-B2AFEFD75839}.Release|Any CPU.Build.0 = Release|Any CPU
		{50BF121B-6E51-4F0C-986F-D988B923D27D}.Debug|Any CPU.ActiveCfg = Debug|Any CPU
		{50BF121B-6E51-4F0C-986F-D988B923D27D}.Debug|Any CPU.Build.0 = Debug|Any CPU
		{50BF121B-6E51-4F0C-986F-D988B923D27D}.Release|Any CPU.ActiveCfg = Release|Any CPU
		{50BF121B-6E51-4F0C-986F-D988B923D27D}.Release|Any CPU.Build.0 = Release|Any CPU
		{2FB9AB08-86B2-4353-893F-14678C92715A}.Debug|Any CPU.ActiveCfg = Debug|Any CPU
		{2FB9AB08-86B2-4353-893F-14678C92715A}.Debug|Any CPU.Build.0 = Debug|Any CPU
		{2FB9AB08-86B2-4353-893F-14678C92715A}.Release|Any CPU.ActiveCfg = Release|Any CPU
		{2FB9AB08-86B2-4353-893F-14678C92715A}.Release|Any CPU.Build.0 = Release|Any CPU
	EndGlobalSection
	GlobalSection(SolutionProperties) = preSolution
		HideSolutionNode = FALSE
	EndGlobalSection
	GlobalSection(ExtensibilityGlobals) = postSolution
		SolutionGuid = {003F1BA3-1DB8-4DE0-AE1E-824FAB87D5D1}
	EndGlobalSection
EndGlobal
