
Microsoft Visual Studio Solution File, Format Version 12.00
# Visual Studio Version 17
VisualStudioVersion = 17.1.32421.90
MinimumVisualStudioVersion = 10.0.40219.1
Project("{FAE04EC0-301F-11D3-BF4B-00C04F79EFBC}") = "P01_02.ListyIterator_Collection", "P01_02.ListyIterator_Collection\P01_02.ListyIterator_Collection.csproj", "{C3C58965-1D28-4CDD-8791-26527EABD367}"
EndProject
Project("{FAE04EC0-301F-11D3-BF4B-00C04F79EFBC}") = "P03.Stack", "P03.Stack\P03.Stack.csproj", "{5F303B9D-CBD2-4D57-9853-869E78FCBBA4}"
EndProject
Project("{FAE04EC0-301F-11D3-BF4B-00C04F79EFBC}") = "P04.Froggy", "P04.Froggy\P04.Froggy.csproj", "{6CD8654A-93D5-4286-86E0-C7CB85E66147}"
EndProject
Project("{FAE04EC0-301F-11D3-BF4B-00C04F79EFBC}") = "P05.Comparing_Objects", "P05.Comparing_Objects\P05.Comparing_Objects.csproj", "{5366D3D7-B7B7-4040-89F7-C896EF65D861}"
EndProject
Project("{FAE04EC0-301F-11D3-BF4B-00C04F79EFBC}") = "P06.Equality_Logic", "P06.Equality_Logic\P06.Equality_Logic.csproj", "{0390CD9A-BED9-486E-B41D-6BCA99A58EA7}"
EndProject
Project("{FAE04EC0-301F-11D3-BF4B-00C04F79EFBC}") = "P07.Custom_Comparator", "P07.Custom_Comparator\P07.Custom_Comparator.csproj", "{793BB774-9E9F-4099-AF60-91F11D87AF2A}"
EndProject
Global
	GlobalSection(SolutionConfigurationPlatforms) = preSolution
		Debug|Any CPU = Debug|Any CPU
		Release|Any CPU = Release|Any CPU
	EndGlobalSection
	GlobalSection(ProjectConfigurationPlatforms) = postSolution
		{C3C58965-1D28-4CDD-8791-26527EABD367}.Debug|Any CPU.ActiveCfg = Debug|Any CPU
		{C3C58965-1D28-4CDD-8791-26527EABD367}.Debug|Any CPU.Build.0 = Debug|Any CPU
		{C3C58965-1D28-4CDD-8791-26527EABD367}.Release|Any CPU.ActiveCfg = Release|Any CPU
		{C3C58965-1D28-4CDD-8791-26527EABD367}.Release|Any CPU.Build.0 = Release|Any CPU
		{5F303B9D-CBD2-4D57-9853-869E78FCBBA4}.Debug|Any CPU.ActiveCfg = Debug|Any CPU
		{5F303B9D-CBD2-4D57-9853-869E78FCBBA4}.Debug|Any CPU.Build.0 = Debug|Any CPU
		{5F303B9D-CBD2-4D57-9853-869E78FCBBA4}.Release|Any CPU.ActiveCfg = Release|Any CPU
		{5F303B9D-CBD2-4D57-9853-869E78FCBBA4}.Release|Any CPU.Build.0 = Release|Any CPU
		{6CD8654A-93D5-4286-86E0-C7CB85E66147}.Debug|Any CPU.ActiveCfg = Debug|Any CPU
		{6CD8654A-93D5-4286-86E0-C7CB85E66147}.Debug|Any CPU.Build.0 = Debug|Any CPU
		{6CD8654A-93D5-4286-86E0-C7CB85E66147}.Release|Any CPU.ActiveCfg = Release|Any CPU
		{6CD8654A-93D5-4286-86E0-C7CB85E66147}.Release|Any CPU.Build.0 = Release|Any CPU
		{5366D3D7-B7B7-4040-89F7-C896EF65D861}.Debug|Any CPU.ActiveCfg = Debug|Any CPU
		{5366D3D7-B7B7-4040-89F7-C896EF65D861}.Debug|Any CPU.Build.0 = Debug|Any CPU
		{5366D3D7-B7B7-4040-89F7-C896EF65D861}.Release|Any CPU.ActiveCfg = Release|Any CPU
		{5366D3D7-B7B7-4040-89F7-C896EF65D861}.Release|Any CPU.Build.0 = Release|Any CPU
		{0390CD9A-BED9-486E-B41D-6BCA99A58EA7}.Debug|Any CPU.ActiveCfg = Debug|Any CPU
		{0390CD9A-BED9-486E-B41D-6BCA99A58EA7}.Debug|Any CPU.Build.0 = Debug|Any CPU
		{0390CD9A-BED9-486E-B41D-6BCA99A58EA7}.Release|Any CPU.ActiveCfg = Release|Any CPU
		{0390CD9A-BED9-486E-B41D-6BCA99A58EA7}.Release|Any CPU.Build.0 = Release|Any CPU
		{793BB774-9E9F-4099-AF60-91F11D87AF2A}.Debug|Any CPU.ActiveCfg = Debug|Any CPU
		{793BB774-9E9F-4099-AF60-91F11D87AF2A}.Debug|Any CPU.Build.0 = Debug|Any CPU
		{793BB774-9E9F-4099-AF60-91F11D87AF2A}.Release|Any CPU.ActiveCfg = Release|Any CPU
		{793BB774-9E9F-4099-AF60-91F11D87AF2A}.Release|Any CPU.Build.0 = Release|Any CPU
	EndGlobalSection
	GlobalSection(SolutionProperties) = preSolution
		HideSolutionNode = FALSE
	EndGlobalSection
	GlobalSection(ExtensibilityGlobals) = postSolution
		SolutionGuid = {B1229BB3-2174-48FF-A540-002F8FF3850E}
	EndGlobalSection
EndGlobal
