
Microsoft Visual Studio Solution File, Format Version 12.00
# Visual Studio Version 17
VisualStudioVersion = 17.2.32602.215
MinimumVisualStudioVersion = 10.0.40219.1
Project("{FAE04EC0-301F-11D3-BF4B-00C04F79EFBC}") = "P01.Recursive_Array_Sum", "P01.Recursive_Array_Sum\P01.Recursive_Array_Sum.csproj", "{B05085E2-9577-498D-B01B-DEE25253EA03}"
EndProject
Project("{FAE04EC0-301F-11D3-BF4B-00C04F79EFBC}") = "P02.Recursive_Factorial", "P02.Recursive_Factorial\P02.Recursive_Factorial.csproj", "{73F111A5-9472-4654-BE15-489BA8A890CB}"
EndProject
Project("{9A19103F-16F7-4668-BE54-9A1E7A4F7556}") = "P03.Sum_Of_Coins", "P03.Sum_of_Coins\P03.Sum_Of_Coins.csproj", "{4959A142-4B2D-4E36-9E2D-48AF7C774313}"
EndProject
Global
	GlobalSection(SolutionConfigurationPlatforms) = preSolution
		Debug|Any CPU = Debug|Any CPU
		Release|Any CPU = Release|Any CPU
	EndGlobalSection
	GlobalSection(ProjectConfigurationPlatforms) = postSolution
		{B05085E2-9577-498D-B01B-DEE25253EA03}.Debug|Any CPU.ActiveCfg = Debug|Any CPU
		{B05085E2-9577-498D-B01B-DEE25253EA03}.Debug|Any CPU.Build.0 = Debug|Any CPU
		{B05085E2-9577-498D-B01B-DEE25253EA03}.Release|Any CPU.ActiveCfg = Release|Any CPU
		{B05085E2-9577-498D-B01B-DEE25253EA03}.Release|Any CPU.Build.0 = Release|Any CPU
		{73F111A5-9472-4654-BE15-489BA8A890CB}.Debug|Any CPU.ActiveCfg = Debug|Any CPU
		{73F111A5-9472-4654-BE15-489BA8A890CB}.Debug|Any CPU.Build.0 = Debug|Any CPU
		{73F111A5-9472-4654-BE15-489BA8A890CB}.Release|Any CPU.ActiveCfg = Release|Any CPU
		{73F111A5-9472-4654-BE15-489BA8A890CB}.Release|Any CPU.Build.0 = Release|Any CPU
		{4959A142-4B2D-4E36-9E2D-48AF7C774313}.Debug|Any CPU.ActiveCfg = Debug|Any CPU
		{4959A142-4B2D-4E36-9E2D-48AF7C774313}.Debug|Any CPU.Build.0 = Debug|Any CPU
		{4959A142-4B2D-4E36-9E2D-48AF7C774313}.Release|Any CPU.ActiveCfg = Release|Any CPU
		{4959A142-4B2D-4E36-9E2D-48AF7C774313}.Release|Any CPU.Build.0 = Release|Any CPU
	EndGlobalSection
	GlobalSection(SolutionProperties) = preSolution
		HideSolutionNode = FALSE
	EndGlobalSection
	GlobalSection(ExtensibilityGlobals) = postSolution
		SolutionGuid = {92D18780-EF0B-4FEB-AD4A-AA7E076049A7}
	EndGlobalSection
EndGlobal
