
Microsoft Visual Studio Solution File, Format Version 12.00
# Visual Studio Version 17
VisualStudioVersion = 17.1.32421.90
MinimumVisualStudioVersion = 10.0.40219.1
Project("{9A19103F-16F7-4668-BE54-9A1E7A4F7556}") = "P01-05.Car", "P01-05.Car\P01-05.Car.csproj", "{1BF953A5-6613-4E3E-A087-7BA6C71E4B47}"
EndProject
Global
	GlobalSection(SolutionConfigurationPlatforms) = preSolution
		Debug|Any CPU = Debug|Any CPU
		Release|Any CPU = Release|Any CPU
	EndGlobalSection
	GlobalSection(ProjectConfigurationPlatforms) = postSolution
		{1BF953A5-6613-4E3E-A087-7BA6C71E4B47}.Debug|Any CPU.ActiveCfg = Debug|Any CPU
		{1BF953A5-6613-4E3E-A087-7BA6C71E4B47}.Debug|Any CPU.Build.0 = Debug|Any CPU
		{1BF953A5-6613-4E3E-A087-7BA6C71E4B47}.Release|Any CPU.ActiveCfg = Release|Any CPU
		{1BF953A5-6613-4E3E-A087-7BA6C71E4B47}.Release|Any CPU.Build.0 = Release|Any CPU
	EndGlobalSection
	GlobalSection(SolutionProperties) = preSolution
		HideSolutionNode = FALSE
	EndGlobalSection
	GlobalSection(ExtensibilityGlobals) = postSolution
		SolutionGuid = {515CDC0C-59C9-42D0-9B61-98A18708C699}
	EndGlobalSection
EndGlobal
