
Microsoft Visual Studio Solution File, Format Version 12.00
# Visual Studio Version 17
VisualStudioVersion = 17.1.32421.90
MinimumVisualStudioVersion = 10.0.40219.1
Project("{9A19103F-16F7-4668-BE54-9A1E7A4F7556}") = "P01-03.DefiningClasses", "P01-03.DefiningClasses\P01-03.DefiningClasses.csproj", "{820DF7B9-370D-4A70-B876-3BB15D54369E}"
EndProject
Project("{9A19103F-16F7-4668-BE54-9A1E7A4F7556}") = "P04.Opinion_Poll", "P04.Opinion_Poll\P04.Opinion_Poll.csproj", "{4F4EB2A2-01EF-49E6-86AA-47D4B247F5C9}"
EndProject
Project("{9A19103F-16F7-4668-BE54-9A1E7A4F7556}") = "P05.Date_Modifier", "P05.Date_Modifier\P05.Date_Modifier.csproj", "{68C14FE1-F321-43A2-80F6-A29BB42127B9}"
EndProject
Project("{9A19103F-16F7-4668-BE54-9A1E7A4F7556}") = "P06.Speed_Racing", "P06.Speed_Racing\P06.Speed_Racing.csproj", "{3AC0AC03-91CB-462A-94C4-A5158A179E9B}"
EndProject
Project("{9A19103F-16F7-4668-BE54-9A1E7A4F7556}") = "P07.Raw_Data", "P07.Raw_Data\P07.Raw_Data.csproj", "{D7859B47-591B-479F-8DBE-8F34410805E5}"
EndProject
Project("{FAE04EC0-301F-11D3-BF4B-00C04F79EFBC}") = "P08.Car_Salesman", "P08.Car_Salesman\P08.Car_Salesman.csproj", "{10017C5D-6B77-4DF7-B379-34654124EE02}"
EndProject
Global
	GlobalSection(SolutionConfigurationPlatforms) = preSolution
		Debug|Any CPU = Debug|Any CPU
		Release|Any CPU = Release|Any CPU
	EndGlobalSection
	GlobalSection(ProjectConfigurationPlatforms) = postSolution
		{820DF7B9-370D-4A70-B876-3BB15D54369E}.Debug|Any CPU.ActiveCfg = Debug|Any CPU
		{820DF7B9-370D-4A70-B876-3BB15D54369E}.Debug|Any CPU.Build.0 = Debug|Any CPU
		{820DF7B9-370D-4A70-B876-3BB15D54369E}.Release|Any CPU.ActiveCfg = Release|Any CPU
		{820DF7B9-370D-4A70-B876-3BB15D54369E}.Release|Any CPU.Build.0 = Release|Any CPU
		{4F4EB2A2-01EF-49E6-86AA-47D4B247F5C9}.Debug|Any CPU.ActiveCfg = Debug|Any CPU
		{4F4EB2A2-01EF-49E6-86AA-47D4B247F5C9}.Debug|Any CPU.Build.0 = Debug|Any CPU
		{4F4EB2A2-01EF-49E6-86AA-47D4B247F5C9}.Release|Any CPU.ActiveCfg = Release|Any CPU
		{4F4EB2A2-01EF-49E6-86AA-47D4B247F5C9}.Release|Any CPU.Build.0 = Release|Any CPU
		{68C14FE1-F321-43A2-80F6-A29BB42127B9}.Debug|Any CPU.ActiveCfg = Debug|Any CPU
		{68C14FE1-F321-43A2-80F6-A29BB42127B9}.Debug|Any CPU.Build.0 = Debug|Any CPU
		{68C14FE1-F321-43A2-80F6-A29BB42127B9}.Release|Any CPU.ActiveCfg = Release|Any CPU
		{68C14FE1-F321-43A2-80F6-A29BB42127B9}.Release|Any CPU.Build.0 = Release|Any CPU
		{3AC0AC03-91CB-462A-94C4-A5158A179E9B}.Debug|Any CPU.ActiveCfg = Debug|Any CPU
		{3AC0AC03-91CB-462A-94C4-A5158A179E9B}.Debug|Any CPU.Build.0 = Debug|Any CPU
		{3AC0AC03-91CB-462A-94C4-A5158A179E9B}.Release|Any CPU.ActiveCfg = Release|Any CPU
		{3AC0AC03-91CB-462A-94C4-A5158A179E9B}.Release|Any CPU.Build.0 = Release|Any CPU
		{D7859B47-591B-479F-8DBE-8F34410805E5}.Debug|Any CPU.ActiveCfg = Debug|Any CPU
		{D7859B47-591B-479F-8DBE-8F34410805E5}.Debug|Any CPU.Build.0 = Debug|Any CPU
		{D7859B47-591B-479F-8DBE-8F34410805E5}.Release|Any CPU.ActiveCfg = Release|Any CPU
		{D7859B47-591B-479F-8DBE-8F34410805E5}.Release|Any CPU.Build.0 = Release|Any CPU
		{10017C5D-6B77-4DF7-B379-34654124EE02}.Debug|Any CPU.ActiveCfg = Debug|Any CPU
		{10017C5D-6B77-4DF7-B379-34654124EE02}.Debug|Any CPU.Build.0 = Debug|Any CPU
		{10017C5D-6B77-4DF7-B379-34654124EE02}.Release|Any CPU.ActiveCfg = Release|Any CPU
		{10017C5D-6B77-4DF7-B379-34654124EE02}.Release|Any CPU.Build.0 = Release|Any CPU
	EndGlobalSection
	GlobalSection(SolutionProperties) = preSolution
		HideSolutionNode = FALSE
	EndGlobalSection
	GlobalSection(ExtensibilityGlobals) = postSolution
		SolutionGuid = {02E501BE-9325-428E-AB62-BF3E130FD430}
	EndGlobalSection
EndGlobal
