
Microsoft Visual Studio Solution File, Format Version 12.00
# Visual Studio Version 17
VisualStudioVersion = 17.2.32602.215
MinimumVisualStudioVersion = 10.0.40219.1
Project("{9A19103F-16F7-4668-BE54-9A1E7A4F7556}") = "P01.Vehicles", "P01.Vehicles\P01.Vehicles.csproj", "{909778A4-91A7-4C14-9D79-85EDD789DAAD}"
EndProject
Project("{9A19103F-16F7-4668-BE54-9A1E7A4F7556}") = "P02.Vehicles_Extension", "P02.Vehicles_Extension\P02.Vehicles_Extension.csproj", "{59776577-E779-4A35-BA75-2DA339337344}"
EndProject
Project("{FAE04EC0-301F-11D3-BF4B-00C04F79EFBC}") = "P03.Raiding", "P03.Raiding\P03.Raiding.csproj", "{3E14D318-AB20-4836-A22E-373421592848}"
EndProject
Project("{FAE04EC0-301F-11D3-BF4B-00C04F79EFBC}") = "P04.Wild_Farm", "P04.Wild_Farm\P04.Wild_Farm.csproj", "{F05997C9-5869-462D-8EBA-28D338590232}"
EndProject
Global
	GlobalSection(SolutionConfigurationPlatforms) = preSolution
		Debug|Any CPU = Debug|Any CPU
		Release|Any CPU = Release|Any CPU
	EndGlobalSection
	GlobalSection(ProjectConfigurationPlatforms) = postSolution
		{909778A4-91A7-4C14-9D79-85EDD789DAAD}.Debug|Any CPU.ActiveCfg = Debug|Any CPU
		{909778A4-91A7-4C14-9D79-85EDD789DAAD}.Debug|Any CPU.Build.0 = Debug|Any CPU
		{909778A4-91A7-4C14-9D79-85EDD789DAAD}.Release|Any CPU.ActiveCfg = Release|Any CPU
		{909778A4-91A7-4C14-9D79-85EDD789DAAD}.Release|Any CPU.Build.0 = Release|Any CPU
		{59776577-E779-4A35-BA75-2DA339337344}.Debug|Any CPU.ActiveCfg = Debug|Any CPU
		{59776577-E779-4A35-BA75-2DA339337344}.Debug|Any CPU.Build.0 = Debug|Any CPU
		{59776577-E779-4A35-BA75-2DA339337344}.Release|Any CPU.ActiveCfg = Release|Any CPU
		{59776577-E779-4A35-BA75-2DA339337344}.Release|Any CPU.Build.0 = Release|Any CPU
		{3E14D318-AB20-4836-A22E-373421592848}.Debug|Any CPU.ActiveCfg = Debug|Any CPU
		{3E14D318-AB20-4836-A22E-373421592848}.Debug|Any CPU.Build.0 = Debug|Any CPU
		{3E14D318-AB20-4836-A22E-373421592848}.Release|Any CPU.ActiveCfg = Release|Any CPU
		{3E14D318-AB20-4836-A22E-373421592848}.Release|Any CPU.Build.0 = Release|Any CPU
		{F05997C9-5869-462D-8EBA-28D338590232}.Debug|Any CPU.ActiveCfg = Debug|Any CPU
		{F05997C9-5869-462D-8EBA-28D338590232}.Debug|Any CPU.Build.0 = Debug|Any CPU
		{F05997C9-5869-462D-8EBA-28D338590232}.Release|Any CPU.ActiveCfg = Release|Any CPU
		{F05997C9-5869-462D-8EBA-28D338590232}.Release|Any CPU.Build.0 = Release|Any CPU
	EndGlobalSection
	GlobalSection(SolutionProperties) = preSolution
		HideSolutionNode = FALSE
	EndGlobalSection
	GlobalSection(ExtensibilityGlobals) = postSolution
		SolutionGuid = {651DE49F-A23E-4103-B143-E50B61A01DE9}
	EndGlobalSection
EndGlobal
