
Microsoft Visual Studio Solution File, Format Version 12.00
# Visual Studio Version 17
VisualStudioVersion = 17.1.32421.90
MinimumVisualStudioVersion = 10.0.40219.1
Project("{9A19103F-16F7-4668-BE54-9A1E7A4F7556}") = "P01.Bombs", "P01.Bombs\P01.Bombs.csproj", "{A0E05487-DE9C-4A7A-94D1-96BA517C3EC2}"
EndProject
Project("{FAE04EC0-301F-11D3-BF4B-00C04F79EFBC}") = "P02.Snake", "P02.Snake\P02.Snake.csproj", "{ECDEF2D1-E9C2-40BE-90CA-E17FC443924A}"
EndProject
Global
	GlobalSection(SolutionConfigurationPlatforms) = preSolution
		Debug|Any CPU = Debug|Any CPU
		Release|Any CPU = Release|Any CPU
	EndGlobalSection
	GlobalSection(ProjectConfigurationPlatforms) = postSolution
		{A0E05487-DE9C-4A7A-94D1-96BA517C3EC2}.Debug|Any CPU.ActiveCfg = Debug|Any CPU
		{A0E05487-DE9C-4A7A-94D1-96BA517C3EC2}.Debug|Any CPU.Build.0 = Debug|Any CPU
		{A0E05487-DE9C-4A7A-94D1-96BA517C3EC2}.Release|Any CPU.ActiveCfg = Release|Any CPU
		{A0E05487-DE9C-4A7A-94D1-96BA517C3EC2}.Release|Any CPU.Build.0 = Release|Any CPU
		{ECDEF2D1-E9C2-40BE-90CA-E17FC443924A}.Debug|Any CPU.ActiveCfg = Debug|Any CPU
		{ECDEF2D1-E9C2-40BE-90CA-E17FC443924A}.Debug|Any CPU.Build.0 = Debug|Any CPU
		{ECDEF2D1-E9C2-40BE-90CA-E17FC443924A}.Release|Any CPU.ActiveCfg = Release|Any CPU
		{ECDEF2D1-E9C2-40BE-90CA-E17FC443924A}.Release|Any CPU.Build.0 = Release|Any CPU
	EndGlobalSection
	GlobalSection(SolutionProperties) = preSolution
		HideSolutionNode = FALSE
	EndGlobalSection
	GlobalSection(ExtensibilityGlobals) = postSolution
		SolutionGuid = {DDA22F22-7B6F-4E09-9A8F-466AE3F76265}
	EndGlobalSection
EndGlobal
