
Microsoft Visual Studio Solution File, Format Version 12.00
# Visual Studio Version 17
VisualStudioVersion = 17.1.32421.90
MinimumVisualStudioVersion = 10.0.40219.1
Project("{FAE04EC0-301F-11D3-BF4B-00C04F79EFBC}") = "P01.Lootbox", "P01.Lootbox\P01.Lootbox.csproj", "{0779E87F-EE0B-492F-B619-2E1A253563FB}"
EndProject
Project("{FAE04EC0-301F-11D3-BF4B-00C04F79EFBC}") = "P02.Re-Volt", "P02.Re-Volt\P02.Re-Volt.csproj", "{2DD39585-924C-4B92-9C0F-DB791D0355EE}"
EndProject
Project("{9A19103F-16F7-4668-BE54-9A1E7A4F7556}") = "Guild", "P03.Guild\Guild.csproj", "{5A87A596-382F-4387-B7F9-C775086370C8}"
EndProject
Global
	GlobalSection(SolutionConfigurationPlatforms) = preSolution
		Debug|Any CPU = Debug|Any CPU
		Release|Any CPU = Release|Any CPU
	EndGlobalSection
	GlobalSection(ProjectConfigurationPlatforms) = postSolution
		{0779E87F-EE0B-492F-B619-2E1A253563FB}.Debug|Any CPU.ActiveCfg = Debug|Any CPU
		{0779E87F-EE0B-492F-B619-2E1A253563FB}.Debug|Any CPU.Build.0 = Debug|Any CPU
		{0779E87F-EE0B-492F-B619-2E1A253563FB}.Release|Any CPU.ActiveCfg = Release|Any CPU
		{0779E87F-EE0B-492F-B619-2E1A253563FB}.Release|Any CPU.Build.0 = Release|Any CPU
		{2DD39585-924C-4B92-9C0F-DB791D0355EE}.Debug|Any CPU.ActiveCfg = Debug|Any CPU
		{2DD39585-924C-4B92-9C0F-DB791D0355EE}.Debug|Any CPU.Build.0 = Debug|Any CPU
		{2DD39585-924C-4B92-9C0F-DB791D0355EE}.Release|Any CPU.ActiveCfg = Release|Any CPU
		{2DD39585-924C-4B92-9C0F-DB791D0355EE}.Release|Any CPU.Build.0 = Release|Any CPU
		{5A87A596-382F-4387-B7F9-C775086370C8}.Debug|Any CPU.ActiveCfg = Debug|Any CPU
		{5A87A596-382F-4387-B7F9-C775086370C8}.Debug|Any CPU.Build.0 = Debug|Any CPU
		{5A87A596-382F-4387-B7F9-C775086370C8}.Release|Any CPU.ActiveCfg = Release|Any CPU
		{5A87A596-382F-4387-B7F9-C775086370C8}.Release|Any CPU.Build.0 = Release|Any CPU
	EndGlobalSection
	GlobalSection(SolutionProperties) = preSolution
		HideSolutionNode = FALSE
	EndGlobalSection
	GlobalSection(ExtensibilityGlobals) = postSolution
		SolutionGuid = {C1243B16-B9D9-4D7E-AF75-E8E53A23FE94}
	EndGlobalSection
EndGlobal
