
Microsoft Visual Studio Solution File, Format Version 12.00
# Visual Studio Version 17
VisualStudioVersion = 17.1.32421.90
MinimumVisualStudioVersion = 10.0.40219.1
Project("{FAE04EC0-301F-11D3-BF4B-00C04F79EFBC}") = "P01.Lootbox", "P01.Lootbox\P01.Lootbox.csproj", "{0779E87F-EE0B-492F-B619-2E1A253563FB}"
EndProject
Global
	GlobalSection(SolutionConfigurationPlatforms) = preSolution
		Debug|Any CPU = Debug|Any CPU
		Release|Any CPU = Release|Any CPU
	EndGlobalSection
	GlobalSection(ProjectConfigurationPlatforms) = postSolution
		{0779E87F-EE0B-492F-B619-2E1A253563FB}.Debug|Any CPU.ActiveCfg = Debug|Any CPU
		{0779E87F-EE0B-492F-B619-2E1A253563FB}.Debug|Any CPU.Build.0 = Debug|Any CPU
		{0779E87F-EE0B-492F-B619-2E1A253563FB}.Release|Any CPU.ActiveCfg = Release|Any CPU
		{0779E87F-EE0B-492F-B619-2E1A253563FB}.Release|Any CPU.Build.0 = Release|Any CPU
	EndGlobalSection
	GlobalSection(SolutionProperties) = preSolution
		HideSolutionNode = FALSE
	EndGlobalSection
	GlobalSection(ExtensibilityGlobals) = postSolution
		SolutionGuid = {C1243B16-B9D9-4D7E-AF75-E8E53A23FE94}
	EndGlobalSection
EndGlobal
