
Microsoft Visual Studio Solution File, Format Version 12.00
# Visual Studio Version 17
VisualStudioVersion = 17.1.32421.90
MinimumVisualStudioVersion = 10.0.40219.1
Project("{FAE04EC0-301F-11D3-BF4B-00C04F79EFBC}") = "P01.Sum Matrix Elements", "P01.Sum Matrix Elements\P01.Sum Matrix Elements.csproj", "{DBF3E6DC-AEB8-48CA-A30B-F2B00DBC4E4C}"
EndProject
Project("{FAE04EC0-301F-11D3-BF4B-00C04F79EFBC}") = "P02.Sum Matrix Columns", "P02.Sum Matrix Columns\P02.Sum Matrix Columns.csproj", "{D5BC69AC-4F70-47EE-B8B7-E328685994B7}"
EndProject
Global
	GlobalSection(SolutionConfigurationPlatforms) = preSolution
		Debug|Any CPU = Debug|Any CPU
		Release|Any CPU = Release|Any CPU
	EndGlobalSection
	GlobalSection(ProjectConfigurationPlatforms) = postSolution
		{DBF3E6DC-AEB8-48CA-A30B-F2B00DBC4E4C}.Debug|Any CPU.ActiveCfg = Debug|Any CPU
		{DBF3E6DC-AEB8-48CA-A30B-F2B00DBC4E4C}.Debug|Any CPU.Build.0 = Debug|Any CPU
		{DBF3E6DC-AEB8-48CA-A30B-F2B00DBC4E4C}.Release|Any CPU.ActiveCfg = Release|Any CPU
		{DBF3E6DC-AEB8-48CA-A30B-F2B00DBC4E4C}.Release|Any CPU.Build.0 = Release|Any CPU
		{D5BC69AC-4F70-47EE-B8B7-E328685994B7}.Debug|Any CPU.ActiveCfg = Debug|Any CPU
		{D5BC69AC-4F70-47EE-B8B7-E328685994B7}.Debug|Any CPU.Build.0 = Debug|Any CPU
		{D5BC69AC-4F70-47EE-B8B7-E328685994B7}.Release|Any CPU.ActiveCfg = Release|Any CPU
		{D5BC69AC-4F70-47EE-B8B7-E328685994B7}.Release|Any CPU.Build.0 = Release|Any CPU
	EndGlobalSection
	GlobalSection(SolutionProperties) = preSolution
		HideSolutionNode = FALSE
	EndGlobalSection
	GlobalSection(ExtensibilityGlobals) = postSolution
		SolutionGuid = {15C2D20D-697E-4C82-9D27-9C0927D24686}
	EndGlobalSection
EndGlobal
