
Microsoft Visual Studio Solution File, Format Version 12.00
# Visual Studio Version 17
VisualStudioVersion = 17.1.32421.90
MinimumVisualStudioVersion = 10.0.40219.1
Project("{9A19103F-16F7-4668-BE54-9A1E7A4F7556}") = "P01.Unique Usernames", "P01.Unique Usernames\P01.Unique Usernames.csproj", "{A97ABD66-1D85-4CAD-B8D8-BC67A186B535}"
EndProject
Project("{FAE04EC0-301F-11D3-BF4B-00C04F79EFBC}") = "P02.Sets of Elements", "P02.Sets of Elements\P02.Sets of Elements.csproj", "{B7367A87-7971-4E36-9AC2-2ABF9237C860}"
EndProject
Global
	GlobalSection(SolutionConfigurationPlatforms) = preSolution
		Debug|Any CPU = Debug|Any CPU
		Release|Any CPU = Release|Any CPU
	EndGlobalSection
	GlobalSection(ProjectConfigurationPlatforms) = postSolution
		{A97ABD66-1D85-4CAD-B8D8-BC67A186B535}.Debug|Any CPU.ActiveCfg = Debug|Any CPU
		{A97ABD66-1D85-4CAD-B8D8-BC67A186B535}.Debug|Any CPU.Build.0 = Debug|Any CPU
		{A97ABD66-1D85-4CAD-B8D8-BC67A186B535}.Release|Any CPU.ActiveCfg = Release|Any CPU
		{A97ABD66-1D85-4CAD-B8D8-BC67A186B535}.Release|Any CPU.Build.0 = Release|Any CPU
		{B7367A87-7971-4E36-9AC2-2ABF9237C860}.Debug|Any CPU.ActiveCfg = Debug|Any CPU
		{B7367A87-7971-4E36-9AC2-2ABF9237C860}.Debug|Any CPU.Build.0 = Debug|Any CPU
		{B7367A87-7971-4E36-9AC2-2ABF9237C860}.Release|Any CPU.ActiveCfg = Release|Any CPU
		{B7367A87-7971-4E36-9AC2-2ABF9237C860}.Release|Any CPU.Build.0 = Release|Any CPU
	EndGlobalSection
	GlobalSection(SolutionProperties) = preSolution
		HideSolutionNode = FALSE
	EndGlobalSection
	GlobalSection(ExtensibilityGlobals) = postSolution
		SolutionGuid = {0B81D77D-4FD9-4871-AA09-0AC72D6268E7}
	EndGlobalSection
EndGlobal
