
Microsoft Visual Studio Solution File, Format Version 12.00
# Visual Studio Version 17
VisualStudioVersion = 17.1.32421.90
MinimumVisualStudioVersion = 10.0.40219.1
Project("{9A19103F-16F7-4668-BE54-9A1E7A4F7556}") = "P01.Basic Stack Operations", "P01.Basic Stack Operations\P01.Basic Stack Operations.csproj", "{C5456716-6322-4255-B3F0-82DBE265288F}"
EndProject
Project("{9A19103F-16F7-4668-BE54-9A1E7A4F7556}") = "P02.Basic Queue Operations", "P02.Basic Queue Operations\P02.Basic Queue Operations.csproj", "{D0D925F9-E716-421F-9C27-FF3E1932BE1D}"
EndProject
Project("{9A19103F-16F7-4668-BE54-9A1E7A4F7556}") = "P03.Maximum and Minimum Element", "P03.Maximum and Minimum Element\P03.Maximum and Minimum Element.csproj", "{E291A6AF-7FD3-4331-AC07-522F17AC4244}"
EndProject
Project("{9A19103F-16F7-4668-BE54-9A1E7A4F7556}") = "P04.Fast Food", "P04.Fast Food\P04.Fast Food.csproj", "{90FECC1E-29C6-493A-A637-B0C62891196D}"
EndProject
Project("{9A19103F-16F7-4668-BE54-9A1E7A4F7556}") = "P05.Fashion Boutique", "P05.Fashion Boutique\P05.Fashion Boutique.csproj", "{1A160547-7971-45C8-ACDD-E4299B3A4644}"
EndProject
Project("{9A19103F-16F7-4668-BE54-9A1E7A4F7556}") = "P06.Songs Queue", "P06.Songs Queue\P06.Songs Queue.csproj", "{4F9A1D62-3FA0-46B8-B6D3-E26D3AF563E1}"
EndProject
Project("{9A19103F-16F7-4668-BE54-9A1E7A4F7556}") = "P07.Truck Tour", "P07.Truck Tour\P07.Truck Tour.csproj", "{9548142B-9255-49F7-BF9B-0A5BD8569DD2}"
EndProject
Project("{FAE04EC0-301F-11D3-BF4B-00C04F79EFBC}") = "P08.Balanced Parenthesis", "P08.Balanced Parenthesis\P08.Balanced Parenthesis.csproj", "{48B09D77-81BE-4749-A3AE-B50563ED057F}"
EndProject
Project("{FAE04EC0-301F-11D3-BF4B-00C04F79EFBC}") = "P09.Simple Text Editor", "P09.Simple Text Editor\P09.Simple Text Editor.csproj", "{A9828383-A6A2-42B1-AB5E-A6092C0001CC}"
EndProject
Global
	GlobalSection(SolutionConfigurationPlatforms) = preSolution
		Debug|Any CPU = Debug|Any CPU
		Release|Any CPU = Release|Any CPU
	EndGlobalSection
	GlobalSection(ProjectConfigurationPlatforms) = postSolution
		{C5456716-6322-4255-B3F0-82DBE265288F}.Debug|Any CPU.ActiveCfg = Debug|Any CPU
		{C5456716-6322-4255-B3F0-82DBE265288F}.Debug|Any CPU.Build.0 = Debug|Any CPU
		{C5456716-6322-4255-B3F0-82DBE265288F}.Release|Any CPU.ActiveCfg = Release|Any CPU
		{C5456716-6322-4255-B3F0-82DBE265288F}.Release|Any CPU.Build.0 = Release|Any CPU
		{D0D925F9-E716-421F-9C27-FF3E1932BE1D}.Debug|Any CPU.ActiveCfg = Debug|Any CPU
		{D0D925F9-E716-421F-9C27-FF3E1932BE1D}.Debug|Any CPU.Build.0 = Debug|Any CPU
		{D0D925F9-E716-421F-9C27-FF3E1932BE1D}.Release|Any CPU.ActiveCfg = Release|Any CPU
		{D0D925F9-E716-421F-9C27-FF3E1932BE1D}.Release|Any CPU.Build.0 = Release|Any CPU
		{E291A6AF-7FD3-4331-AC07-522F17AC4244}.Debug|Any CPU.ActiveCfg = Debug|Any CPU
		{E291A6AF-7FD3-4331-AC07-522F17AC4244}.Debug|Any CPU.Build.0 = Debug|Any CPU
		{E291A6AF-7FD3-4331-AC07-522F17AC4244}.Release|Any CPU.ActiveCfg = Release|Any CPU
		{E291A6AF-7FD3-4331-AC07-522F17AC4244}.Release|Any CPU.Build.0 = Release|Any CPU
		{90FECC1E-29C6-493A-A637-B0C62891196D}.Debug|Any CPU.ActiveCfg = Debug|Any CPU
		{90FECC1E-29C6-493A-A637-B0C62891196D}.Debug|Any CPU.Build.0 = Debug|Any CPU
		{90FECC1E-29C6-493A-A637-B0C62891196D}.Release|Any CPU.ActiveCfg = Release|Any CPU
		{90FECC1E-29C6-493A-A637-B0C62891196D}.Release|Any CPU.Build.0 = Release|Any CPU
		{1A160547-7971-45C8-ACDD-E4299B3A4644}.Debug|Any CPU.ActiveCfg = Debug|Any CPU
		{1A160547-7971-45C8-ACDD-E4299B3A4644}.Debug|Any CPU.Build.0 = Debug|Any CPU
		{1A160547-7971-45C8-ACDD-E4299B3A4644}.Release|Any CPU.ActiveCfg = Release|Any CPU
		{1A160547-7971-45C8-ACDD-E4299B3A4644}.Release|Any CPU.Build.0 = Release|Any CPU
		{4F9A1D62-3FA0-46B8-B6D3-E26D3AF563E1}.Debug|Any CPU.ActiveCfg = Debug|Any CPU
		{4F9A1D62-3FA0-46B8-B6D3-E26D3AF563E1}.Debug|Any CPU.Build.0 = Debug|Any CPU
		{4F9A1D62-3FA0-46B8-B6D3-E26D3AF563E1}.Release|Any CPU.ActiveCfg = Release|Any CPU
		{4F9A1D62-3FA0-46B8-B6D3-E26D3AF563E1}.Release|Any CPU.Build.0 = Release|Any CPU
		{9548142B-9255-49F7-BF9B-0A5BD8569DD2}.Debug|Any CPU.ActiveCfg = Debug|Any CPU
		{9548142B-9255-49F7-BF9B-0A5BD8569DD2}.Debug|Any CPU.Build.0 = Debug|Any CPU
		{9548142B-9255-49F7-BF9B-0A5BD8569DD2}.Release|Any CPU.ActiveCfg = Release|Any CPU
		{9548142B-9255-49F7-BF9B-0A5BD8569DD2}.Release|Any CPU.Build.0 = Release|Any CPU
		{48B09D77-81BE-4749-A3AE-B50563ED057F}.Debug|Any CPU.ActiveCfg = Debug|Any CPU
		{48B09D77-81BE-4749-A3AE-B50563ED057F}.Debug|Any CPU.Build.0 = Debug|Any CPU
		{48B09D77-81BE-4749-A3AE-B50563ED057F}.Release|Any CPU.ActiveCfg = Release|Any CPU
		{48B09D77-81BE-4749-A3AE-B50563ED057F}.Release|Any CPU.Build.0 = Release|Any CPU
		{A9828383-A6A2-42B1-AB5E-A6092C0001CC}.Debug|Any CPU.ActiveCfg = Debug|Any CPU
		{A9828383-A6A2-42B1-AB5E-A6092C0001CC}.Debug|Any CPU.Build.0 = Debug|Any CPU
		{A9828383-A6A2-42B1-AB5E-A6092C0001CC}.Release|Any CPU.ActiveCfg = Release|Any CPU
		{A9828383-A6A2-42B1-AB5E-A6092C0001CC}.Release|Any CPU.Build.0 = Release|Any CPU
	EndGlobalSection
	GlobalSection(SolutionProperties) = preSolution
		HideSolutionNode = FALSE
	EndGlobalSection
	GlobalSection(ExtensibilityGlobals) = postSolution
		SolutionGuid = {4243FCDA-DFF6-442D-9770-D4D0A077450C}
	EndGlobalSection
EndGlobal
