
Microsoft Visual Studio Solution File, Format Version 12.00
# Visual Studio Version 17
VisualStudioVersion = 17.2.32630.192
MinimumVisualStudioVersion = 10.0.40219.1
Project("{9A19103F-16F7-4668-BE54-9A1E7A4F7556}") = "P01.Square_Root", "P01.Square_Root\P01.Square_Root.csproj", "{5F499B6E-4286-4217-9B43-5E5055636638}"
EndProject
Project("{9A19103F-16F7-4668-BE54-9A1E7A4F7556}") = "P02.Enter_Numbers", "P02.Enter_Numbers\P02.Enter_Numbers.csproj", "{DA343B46-701A-485D-905D-11C7FFE379D7}"
EndProject
Project("{9A19103F-16F7-4668-BE54-9A1E7A4F7556}") = "P03.Cards", "P03.Cards\P03.Cards.csproj", "{9DAF9760-3161-44A3-B0A3-120199314ECB}"
EndProject
Project("{FAE04EC0-301F-11D3-BF4B-00C04F79EFBC}") = "P04.Sum_of_Integers", "P04.Sum_of_Integers\P04.Sum_of_Integers.csproj", "{4866F9F8-7E9C-4279-BA46-D330F441ED76}"
EndProject
Project("{FAE04EC0-301F-11D3-BF4B-00C04F79EFBC}") = "P05.Play_Catch", "P05.Play_Catch\P05.Play_Catch.csproj", "{B42BAA6E-A94C-4242-B20E-B4736A710B63}"
EndProject
Project("{FAE04EC0-301F-11D3-BF4B-00C04F79EFBC}") = "P06.Money_Transactions", "P06.Money_Transactions\P06.Money_Transactions.csproj", "{BAE228F2-A159-4A7E-85EF-644FD842E254}"
EndProject
Global
	GlobalSection(SolutionConfigurationPlatforms) = preSolution
		Debug|Any CPU = Debug|Any CPU
		Release|Any CPU = Release|Any CPU
	EndGlobalSection
	GlobalSection(ProjectConfigurationPlatforms) = postSolution
		{5F499B6E-4286-4217-9B43-5E5055636638}.Debug|Any CPU.ActiveCfg = Debug|Any CPU
		{5F499B6E-4286-4217-9B43-5E5055636638}.Debug|Any CPU.Build.0 = Debug|Any CPU
		{5F499B6E-4286-4217-9B43-5E5055636638}.Release|Any CPU.ActiveCfg = Release|Any CPU
		{5F499B6E-4286-4217-9B43-5E5055636638}.Release|Any CPU.Build.0 = Release|Any CPU
		{DA343B46-701A-485D-905D-11C7FFE379D7}.Debug|Any CPU.ActiveCfg = Debug|Any CPU
		{DA343B46-701A-485D-905D-11C7FFE379D7}.Debug|Any CPU.Build.0 = Debug|Any CPU
		{DA343B46-701A-485D-905D-11C7FFE379D7}.Release|Any CPU.ActiveCfg = Release|Any CPU
		{DA343B46-701A-485D-905D-11C7FFE379D7}.Release|Any CPU.Build.0 = Release|Any CPU
		{9DAF9760-3161-44A3-B0A3-120199314ECB}.Debug|Any CPU.ActiveCfg = Debug|Any CPU
		{9DAF9760-3161-44A3-B0A3-120199314ECB}.Debug|Any CPU.Build.0 = Debug|Any CPU
		{9DAF9760-3161-44A3-B0A3-120199314ECB}.Release|Any CPU.ActiveCfg = Release|Any CPU
		{9DAF9760-3161-44A3-B0A3-120199314ECB}.Release|Any CPU.Build.0 = Release|Any CPU
		{4866F9F8-7E9C-4279-BA46-D330F441ED76}.Debug|Any CPU.ActiveCfg = Debug|Any CPU
		{4866F9F8-7E9C-4279-BA46-D330F441ED76}.Debug|Any CPU.Build.0 = Debug|Any CPU
		{4866F9F8-7E9C-4279-BA46-D330F441ED76}.Release|Any CPU.ActiveCfg = Release|Any CPU
		{4866F9F8-7E9C-4279-BA46-D330F441ED76}.Release|Any CPU.Build.0 = Release|Any CPU
		{B42BAA6E-A94C-4242-B20E-B4736A710B63}.Debug|Any CPU.ActiveCfg = Debug|Any CPU
		{B42BAA6E-A94C-4242-B20E-B4736A710B63}.Debug|Any CPU.Build.0 = Debug|Any CPU
		{B42BAA6E-A94C-4242-B20E-B4736A710B63}.Release|Any CPU.ActiveCfg = Release|Any CPU
		{B42BAA6E-A94C-4242-B20E-B4736A710B63}.Release|Any CPU.Build.0 = Release|Any CPU
		{BAE228F2-A159-4A7E-85EF-644FD842E254}.Debug|Any CPU.ActiveCfg = Debug|Any CPU
		{BAE228F2-A159-4A7E-85EF-644FD842E254}.Debug|Any CPU.Build.0 = Debug|Any CPU
		{BAE228F2-A159-4A7E-85EF-644FD842E254}.Release|Any CPU.ActiveCfg = Release|Any CPU
		{BAE228F2-A159-4A7E-85EF-644FD842E254}.Release|Any CPU.Build.0 = Release|Any CPU
	EndGlobalSection
	GlobalSection(SolutionProperties) = preSolution
		HideSolutionNode = FALSE
	EndGlobalSection
	GlobalSection(ExtensibilityGlobals) = postSolution
		SolutionGuid = {54A005DC-08A3-4F0C-A7A7-896CEFEFE7BB}
	EndGlobalSection
EndGlobal
