
Microsoft Visual Studio Solution File, Format Version 12.00
# Visual Studio Version 17
VisualStudioVersion = 17.1.32421.90
MinimumVisualStudioVersion = 10.0.40219.1
Project("{9A19103F-16F7-4668-BE54-9A1E7A4F7556}") = "P01. Reverse a String", "P01. Reverse a String\P01. Reverse a String.csproj", "{325E4019-E120-459A-AEFE-2C4048C95B8E}"
EndProject
Project("{9A19103F-16F7-4668-BE54-9A1E7A4F7556}") = "P02.Stack Sum", "P02.Stack Sum\P02.Stack Sum.csproj", "{FA7C70CE-24B8-41C9-A147-0567341F4E67}"
EndProject
Project("{9A19103F-16F7-4668-BE54-9A1E7A4F7556}") = "P03.Simple Calculator", "P03.Simple Calculator\P03.Simple Calculator.csproj", "{B0A4D6D2-B051-4510-BE54-D822AEEED09C}"
EndProject
Project("{9A19103F-16F7-4668-BE54-9A1E7A4F7556}") = "P04.Matching Brackets", "P04.Matching Brackets\P04.Matching Brackets.csproj", "{790ADE94-BA9D-49A4-84F2-9BC50EE8A3D4}"
EndProject
Project("{9A19103F-16F7-4668-BE54-9A1E7A4F7556}") = "P05.Print Even Numbers", "P05.Print Even Numbers\P05.Print Even Numbers.csproj", "{6B27DD27-0716-4B2D-A04F-5A51ACACF960}"
EndProject
Project("{9A19103F-16F7-4668-BE54-9A1E7A4F7556}") = "P06.Supermarket", "P06.Supermarket\P06.Supermarket.csproj", "{56E8EAD8-73BF-4CFD-B72F-386E5B64856E}"
EndProject
Project("{9A19103F-16F7-4668-BE54-9A1E7A4F7556}") = "P07.Hot Potato", "P07.Hot Potato\P07.Hot Potato.csproj", "{F35C6C52-A7FB-43FA-9158-A2F135859D17}"
EndProject
Project("{FAE04EC0-301F-11D3-BF4B-00C04F79EFBC}") = "P08.Traffic Jam", "P08.Traffic Jam\P08.Traffic Jam.csproj", "{76CA5979-99F9-40A9-A882-2223792D9CF0}"
EndProject
Global
	GlobalSection(SolutionConfigurationPlatforms) = preSolution
		Debug|Any CPU = Debug|Any CPU
		Release|Any CPU = Release|Any CPU
	EndGlobalSection
	GlobalSection(ProjectConfigurationPlatforms) = postSolution
		{325E4019-E120-459A-AEFE-2C4048C95B8E}.Debug|Any CPU.ActiveCfg = Debug|Any CPU
		{325E4019-E120-459A-AEFE-2C4048C95B8E}.Debug|Any CPU.Build.0 = Debug|Any CPU
		{325E4019-E120-459A-AEFE-2C4048C95B8E}.Release|Any CPU.ActiveCfg = Release|Any CPU
		{325E4019-E120-459A-AEFE-2C4048C95B8E}.Release|Any CPU.Build.0 = Release|Any CPU
		{FA7C70CE-24B8-41C9-A147-0567341F4E67}.Debug|Any CPU.ActiveCfg = Debug|Any CPU
		{FA7C70CE-24B8-41C9-A147-0567341F4E67}.Debug|Any CPU.Build.0 = Debug|Any CPU
		{FA7C70CE-24B8-41C9-A147-0567341F4E67}.Release|Any CPU.ActiveCfg = Release|Any CPU
		{FA7C70CE-24B8-41C9-A147-0567341F4E67}.Release|Any CPU.Build.0 = Release|Any CPU
		{B0A4D6D2-B051-4510-BE54-D822AEEED09C}.Debug|Any CPU.ActiveCfg = Debug|Any CPU
		{B0A4D6D2-B051-4510-BE54-D822AEEED09C}.Debug|Any CPU.Build.0 = Debug|Any CPU
		{B0A4D6D2-B051-4510-BE54-D822AEEED09C}.Release|Any CPU.ActiveCfg = Release|Any CPU
		{B0A4D6D2-B051-4510-BE54-D822AEEED09C}.Release|Any CPU.Build.0 = Release|Any CPU
		{790ADE94-BA9D-49A4-84F2-9BC50EE8A3D4}.Debug|Any CPU.ActiveCfg = Debug|Any CPU
		{790ADE94-BA9D-49A4-84F2-9BC50EE8A3D4}.Debug|Any CPU.Build.0 = Debug|Any CPU
		{790ADE94-BA9D-49A4-84F2-9BC50EE8A3D4}.Release|Any CPU.ActiveCfg = Release|Any CPU
		{790ADE94-BA9D-49A4-84F2-9BC50EE8A3D4}.Release|Any CPU.Build.0 = Release|Any CPU
		{6B27DD27-0716-4B2D-A04F-5A51ACACF960}.Debug|Any CPU.ActiveCfg = Debug|Any CPU
		{6B27DD27-0716-4B2D-A04F-5A51ACACF960}.Debug|Any CPU.Build.0 = Debug|Any CPU
		{6B27DD27-0716-4B2D-A04F-5A51ACACF960}.Release|Any CPU.ActiveCfg = Release|Any CPU
		{6B27DD27-0716-4B2D-A04F-5A51ACACF960}.Release|Any CPU.Build.0 = Release|Any CPU
		{56E8EAD8-73BF-4CFD-B72F-386E5B64856E}.Debug|Any CPU.ActiveCfg = Debug|Any CPU
		{56E8EAD8-73BF-4CFD-B72F-386E5B64856E}.Debug|Any CPU.Build.0 = Debug|Any CPU
		{56E8EAD8-73BF-4CFD-B72F-386E5B64856E}.Release|Any CPU.ActiveCfg = Release|Any CPU
		{56E8EAD8-73BF-4CFD-B72F-386E5B64856E}.Release|Any CPU.Build.0 = Release|Any CPU
		{F35C6C52-A7FB-43FA-9158-A2F135859D17}.Debug|Any CPU.ActiveCfg = Debug|Any CPU
		{F35C6C52-A7FB-43FA-9158-A2F135859D17}.Debug|Any CPU.Build.0 = Debug|Any CPU
		{F35C6C52-A7FB-43FA-9158-A2F135859D17}.Release|Any CPU.ActiveCfg = Release|Any CPU
		{F35C6C52-A7FB-43FA-9158-A2F135859D17}.Release|Any CPU.Build.0 = Release|Any CPU
		{76CA5979-99F9-40A9-A882-2223792D9CF0}.Debug|Any CPU.ActiveCfg = Debug|Any CPU
		{76CA5979-99F9-40A9-A882-2223792D9CF0}.Debug|Any CPU.Build.0 = Debug|Any CPU
		{76CA5979-99F9-40A9-A882-2223792D9CF0}.Release|Any CPU.ActiveCfg = Release|Any CPU
		{76CA5979-99F9-40A9-A882-2223792D9CF0}.Release|Any CPU.Build.0 = Release|Any CPU
	EndGlobalSection
	GlobalSection(SolutionProperties) = preSolution
		HideSolutionNode = FALSE
	EndGlobalSection
	GlobalSection(ExtensibilityGlobals) = postSolution
		SolutionGuid = {9CCAA859-44FA-491E-A518-D3AF5F0801C3}
	EndGlobalSection
EndGlobal
