
Microsoft Visual Studio Solution File, Format Version 12.00
# Visual Studio Version 17
VisualStudioVersion = 17.4.33403.182
MinimumVisualStudioVersion = 10.0.40219.1
Project("{9A19103F-16F7-4668-BE54-9A1E7A4F7556}") = "P01_StudentSystem", "P01_StudentSystem\P01_StudentSystem.csproj", "{1018FFEA-54A6-43D1-94D0-9FBCBB684299}"
EndProject
Project("{FAE04EC0-301F-11D3-BF4B-00C04F79EFBC}") = "P02_FootballBetting", "P02_FootballBetting\P02_FootballBetting.csproj", "{7744FD48-614D-4790-A770-87DF71BEA5ED}"
EndProject
Global
	GlobalSection(SolutionConfigurationPlatforms) = preSolution
		Debug|Any CPU = Debug|Any CPU
		Release|Any CPU = Release|Any CPU
	EndGlobalSection
	GlobalSection(ProjectConfigurationPlatforms) = postSolution
		{1018FFEA-54A6-43D1-94D0-9FBCBB684299}.Debug|Any CPU.ActiveCfg = Debug|Any CPU
		{1018FFEA-54A6-43D1-94D0-9FBCBB684299}.Debug|Any CPU.Build.0 = Debug|Any CPU
		{1018FFEA-54A6-43D1-94D0-9FBCBB684299}.Release|Any CPU.ActiveCfg = Release|Any CPU
		{1018FFEA-54A6-43D1-94D0-9FBCBB684299}.Release|Any CPU.Build.0 = Release|Any CPU
		{7744FD48-614D-4790-A770-87DF71BEA5ED}.Debug|Any CPU.ActiveCfg = Debug|Any CPU
		{7744FD48-614D-4790-A770-87DF71BEA5ED}.Debug|Any CPU.Build.0 = Debug|Any CPU
		{7744FD48-614D-4790-A770-87DF71BEA5ED}.Release|Any CPU.ActiveCfg = Release|Any CPU
		{7744FD48-614D-4790-A770-87DF71BEA5ED}.Release|Any CPU.Build.0 = Release|Any CPU
	EndGlobalSection
	GlobalSection(SolutionProperties) = preSolution
		HideSolutionNode = FALSE
	EndGlobalSection
	GlobalSection(ExtensibilityGlobals) = postSolution
		SolutionGuid = {E8B92191-C30D-4F81-872E-1329D9298F3D}
	EndGlobalSection
EndGlobal
