
Microsoft Visual Studio Solution File, Format Version 12.00
# Visual Studio Version 17
VisualStudioVersion = 17.2.32602.215
MinimumVisualStudioVersion = 10.0.40219.1
Project("{9A19103F-16F7-4668-BE54-9A1E7A4F7556}") = "P01.Person", "P01.Person\P01.Person.csproj", "{1EE61440-F055-48C7-8DA1-6E9C1F2E2A07}"
EndProject
Project("{9A19103F-16F7-4668-BE54-9A1E7A4F7556}") = "P02.Zoo", "P02.Zoo\P02.Zoo.csproj", "{B16A8BC5-635B-4D72-842A-C64AA90C066F}"
EndProject
Project("{9A19103F-16F7-4668-BE54-9A1E7A4F7556}") = "P03.Players_and_Monsters", "P03.Players_and_Monsters\P03.Players_and_Monsters.csproj", "{C81551A6-A31A-43CE-AAF2-3C1182FBB1A7}"
EndProject
Project("{9A19103F-16F7-4668-BE54-9A1E7A4F7556}") = "P04.Need_for_Speed", "P04.Need_for_Speed\P04.Need_for_Speed.csproj", "{2E99D1D9-9B5F-4112-B846-FE6799316C55}"
EndProject
Project("{9A19103F-16F7-4668-BE54-9A1E7A4F7556}") = "P05.Restaurant", "P05.Restaurant\P05.Restaurant.csproj", "{BDD80DF7-BBFC-41D1-BA91-BFFE75539A1A}"
EndProject
Project("{9A19103F-16F7-4668-BE54-9A1E7A4F7556}") = "P06.Animals", "P06.Animals\P06.Animals.csproj", "{4262C585-DF05-444D-B0E4-267D3EA76421}"
EndProject
Global
	GlobalSection(SolutionConfigurationPlatforms) = preSolution
		Debug|Any CPU = Debug|Any CPU
		Release|Any CPU = Release|Any CPU
	EndGlobalSection
	GlobalSection(ProjectConfigurationPlatforms) = postSolution
		{1EE61440-F055-48C7-8DA1-6E9C1F2E2A07}.Debug|Any CPU.ActiveCfg = Debug|Any CPU
		{1EE61440-F055-48C7-8DA1-6E9C1F2E2A07}.Debug|Any CPU.Build.0 = Debug|Any CPU
		{1EE61440-F055-48C7-8DA1-6E9C1F2E2A07}.Release|Any CPU.ActiveCfg = Release|Any CPU
		{1EE61440-F055-48C7-8DA1-6E9C1F2E2A07}.Release|Any CPU.Build.0 = Release|Any CPU
		{B16A8BC5-635B-4D72-842A-C64AA90C066F}.Debug|Any CPU.ActiveCfg = Debug|Any CPU
		{B16A8BC5-635B-4D72-842A-C64AA90C066F}.Debug|Any CPU.Build.0 = Debug|Any CPU
		{B16A8BC5-635B-4D72-842A-C64AA90C066F}.Release|Any CPU.ActiveCfg = Release|Any CPU
		{B16A8BC5-635B-4D72-842A-C64AA90C066F}.Release|Any CPU.Build.0 = Release|Any CPU
		{C81551A6-A31A-43CE-AAF2-3C1182FBB1A7}.Debug|Any CPU.ActiveCfg = Debug|Any CPU
		{C81551A6-A31A-43CE-AAF2-3C1182FBB1A7}.Debug|Any CPU.Build.0 = Debug|Any CPU
		{C81551A6-A31A-43CE-AAF2-3C1182FBB1A7}.Release|Any CPU.ActiveCfg = Release|Any CPU
		{C81551A6-A31A-43CE-AAF2-3C1182FBB1A7}.Release|Any CPU.Build.0 = Release|Any CPU
		{2E99D1D9-9B5F-4112-B846-FE6799316C55}.Debug|Any CPU.ActiveCfg = Debug|Any CPU
		{2E99D1D9-9B5F-4112-B846-FE6799316C55}.Debug|Any CPU.Build.0 = Debug|Any CPU
		{2E99D1D9-9B5F-4112-B846-FE6799316C55}.Release|Any CPU.ActiveCfg = Release|Any CPU
		{2E99D1D9-9B5F-4112-B846-FE6799316C55}.Release|Any CPU.Build.0 = Release|Any CPU
		{BDD80DF7-BBFC-41D1-BA91-BFFE75539A1A}.Debug|Any CPU.ActiveCfg = Debug|Any CPU
		{BDD80DF7-BBFC-41D1-BA91-BFFE75539A1A}.Debug|Any CPU.Build.0 = Debug|Any CPU
		{BDD80DF7-BBFC-41D1-BA91-BFFE75539A1A}.Release|Any CPU.ActiveCfg = Release|Any CPU
		{BDD80DF7-BBFC-41D1-BA91-BFFE75539A1A}.Release|Any CPU.Build.0 = Release|Any CPU
		{4262C585-DF05-444D-B0E4-267D3EA76421}.Debug|Any CPU.ActiveCfg = Debug|Any CPU
		{4262C585-DF05-444D-B0E4-267D3EA76421}.Debug|Any CPU.Build.0 = Debug|Any CPU
		{4262C585-DF05-444D-B0E4-267D3EA76421}.Release|Any CPU.ActiveCfg = Release|Any CPU
		{4262C585-DF05-444D-B0E4-267D3EA76421}.Release|Any CPU.Build.0 = Release|Any CPU
	EndGlobalSection
	GlobalSection(SolutionProperties) = preSolution
		HideSolutionNode = FALSE
	EndGlobalSection
	GlobalSection(ExtensibilityGlobals) = postSolution
		SolutionGuid = {DE446F84-FECB-408B-B4E3-7961EB61AE90}
	EndGlobalSection
EndGlobal
