
Microsoft Visual Studio Solution File, Format Version 12.00
# Visual Studio Version 17
VisualStudioVersion = 17.1.32421.90
MinimumVisualStudioVersion = 10.0.40219.1
Project("{FAE04EC0-301F-11D3-BF4B-00C04F79EFBC}") = "Custom_Doubly_Linked_List", "Custom_Doubly_Linked_List\Custom_Doubly_Linked_List.csproj", "{15311782-DDA7-43A2-BFE6-729A2ACF87EA}"
EndProject
Global
	GlobalSection(SolutionConfigurationPlatforms) = preSolution
		Debug|Any CPU = Debug|Any CPU
		Release|Any CPU = Release|Any CPU
	EndGlobalSection
	GlobalSection(ProjectConfigurationPlatforms) = postSolution
		{15311782-DDA7-43A2-BFE6-729A2ACF87EA}.Debug|Any CPU.ActiveCfg = Debug|Any CPU
		{15311782-DDA7-43A2-BFE6-729A2ACF87EA}.Debug|Any CPU.Build.0 = Debug|Any CPU
		{15311782-DDA7-43A2-BFE6-729A2ACF87EA}.Release|Any CPU.ActiveCfg = Release|Any CPU
		{15311782-DDA7-43A2-BFE6-729A2ACF87EA}.Release|Any CPU.Build.0 = Release|Any CPU
	EndGlobalSection
	GlobalSection(SolutionProperties) = preSolution
		HideSolutionNode = FALSE
	EndGlobalSection
	GlobalSection(ExtensibilityGlobals) = postSolution
		SolutionGuid = {5778D7DE-4FC1-4590-9295-FC10A45ACC30}
	EndGlobalSection
EndGlobal
