
Microsoft Visual Studio Solution File, Format Version 12.00
# Visual Studio Version 17
VisualStudioVersion = 17.1.32421.90
MinimumVisualStudioVersion = 10.0.40219.1
Project("{9A19103F-16F7-4668-BE54-9A1E7A4F7556}") = "P01.Diagonal Difference", "P01.Diagonal Difference\P01.Diagonal Difference.csproj", "{ADF163B8-C8B7-4844-BDE7-DD11D0428830}"
EndProject
Project("{9A19103F-16F7-4668-BE54-9A1E7A4F7556}") = "P02.Squares in Matrix", "P02.Squares in Matrix\P02.Squares in Matrix.csproj", "{106C83F6-147A-494F-8D82-EA0E79BC51E0}"
EndProject
Project("{9A19103F-16F7-4668-BE54-9A1E7A4F7556}") = "P03.Maximal Sum", "P03.Maximal Sum\P03.Maximal Sum.csproj", "{BB2D8970-56F6-4E62-A49A-F9D29C36C5B9}"
EndProject
Project("{9A19103F-16F7-4668-BE54-9A1E7A4F7556}") = "P04.Matrix Shuffling", "P04.Matrix Shuffling\P04.Matrix Shuffling.csproj", "{E42BD36D-581C-4825-9E0B-139B01951DDC}"
EndProject
Project("{9A19103F-16F7-4668-BE54-9A1E7A4F7556}") = "P05.Snake Moves", "P05.Snake Moves\P05.Snake Moves.csproj", "{0B2BF856-F77C-49DA-AD6B-BA68B248E12F}"
EndProject
Project("{9A19103F-16F7-4668-BE54-9A1E7A4F7556}") = "P06.Jagged Array Manipulator", "P06.Jagged Array Manipulator\P06.Jagged Array Manipulator.csproj", "{AC1015D9-A5DA-42EB-8AE4-1A39B4936D9B}"
EndProject
Project("{9A19103F-16F7-4668-BE54-9A1E7A4F7556}") = "P07.Knight Game", "P07.Knight Game\P07.Knight Game.csproj", "{7F17A275-7935-4EF9-AFFE-28E0BE8833AA}"
EndProject
Project("{FAE04EC0-301F-11D3-BF4B-00C04F79EFBC}") = "P08.Bombs", "P08.Bombs\P08.Bombs.csproj", "{9B72A417-D5AD-41CD-AB6D-875B6572ADA2}"
EndProject
Project("{FAE04EC0-301F-11D3-BF4B-00C04F79EFBC}") = "P09.Miner", "P09.Miner\P09.Miner.csproj", "{651C1F05-A835-4DDA-9B7D-2EFD7460DB5A}"
EndProject
Global
	GlobalSection(SolutionConfigurationPlatforms) = preSolution
		Debug|Any CPU = Debug|Any CPU
		Release|Any CPU = Release|Any CPU
	EndGlobalSection
	GlobalSection(ProjectConfigurationPlatforms) = postSolution
		{ADF163B8-C8B7-4844-BDE7-DD11D0428830}.Debug|Any CPU.ActiveCfg = Debug|Any CPU
		{ADF163B8-C8B7-4844-BDE7-DD11D0428830}.Debug|Any CPU.Build.0 = Debug|Any CPU
		{ADF163B8-C8B7-4844-BDE7-DD11D0428830}.Release|Any CPU.ActiveCfg = Release|Any CPU
		{ADF163B8-C8B7-4844-BDE7-DD11D0428830}.Release|Any CPU.Build.0 = Release|Any CPU
		{106C83F6-147A-494F-8D82-EA0E79BC51E0}.Debug|Any CPU.ActiveCfg = Debug|Any CPU
		{106C83F6-147A-494F-8D82-EA0E79BC51E0}.Debug|Any CPU.Build.0 = Debug|Any CPU
		{106C83F6-147A-494F-8D82-EA0E79BC51E0}.Release|Any CPU.ActiveCfg = Release|Any CPU
		{106C83F6-147A-494F-8D82-EA0E79BC51E0}.Release|Any CPU.Build.0 = Release|Any CPU
		{BB2D8970-56F6-4E62-A49A-F9D29C36C5B9}.Debug|Any CPU.ActiveCfg = Debug|Any CPU
		{BB2D8970-56F6-4E62-A49A-F9D29C36C5B9}.Debug|Any CPU.Build.0 = Debug|Any CPU
		{BB2D8970-56F6-4E62-A49A-F9D29C36C5B9}.Release|Any CPU.ActiveCfg = Release|Any CPU
		{BB2D8970-56F6-4E62-A49A-F9D29C36C5B9}.Release|Any CPU.Build.0 = Release|Any CPU
		{E42BD36D-581C-4825-9E0B-139B01951DDC}.Debug|Any CPU.ActiveCfg = Debug|Any CPU
		{E42BD36D-581C-4825-9E0B-139B01951DDC}.Debug|Any CPU.Build.0 = Debug|Any CPU
		{E42BD36D-581C-4825-9E0B-139B01951DDC}.Release|Any CPU.ActiveCfg = Release|Any CPU
		{E42BD36D-581C-4825-9E0B-139B01951DDC}.Release|Any CPU.Build.0 = Release|Any CPU
		{0B2BF856-F77C-49DA-AD6B-BA68B248E12F}.Debug|Any CPU.ActiveCfg = Debug|Any CPU
		{0B2BF856-F77C-49DA-AD6B-BA68B248E12F}.Debug|Any CPU.Build.0 = Debug|Any CPU
		{0B2BF856-F77C-49DA-AD6B-BA68B248E12F}.Release|Any CPU.ActiveCfg = Release|Any CPU
		{0B2BF856-F77C-49DA-AD6B-BA68B248E12F}.Release|Any CPU.Build.0 = Release|Any CPU
		{AC1015D9-A5DA-42EB-8AE4-1A39B4936D9B}.Debug|Any CPU.ActiveCfg = Debug|Any CPU
		{AC1015D9-A5DA-42EB-8AE4-1A39B4936D9B}.Debug|Any CPU.Build.0 = Debug|Any CPU
		{AC1015D9-A5DA-42EB-8AE4-1A39B4936D9B}.Release|Any CPU.ActiveCfg = Release|Any CPU
		{AC1015D9-A5DA-42EB-8AE4-1A39B4936D9B}.Release|Any CPU.Build.0 = Release|Any CPU
		{7F17A275-7935-4EF9-AFFE-28E0BE8833AA}.Debug|Any CPU.ActiveCfg = Debug|Any CPU
		{7F17A275-7935-4EF9-AFFE-28E0BE8833AA}.Debug|Any CPU.Build.0 = Debug|Any CPU
		{7F17A275-7935-4EF9-AFFE-28E0BE8833AA}.Release|Any CPU.ActiveCfg = Release|Any CPU
		{7F17A275-7935-4EF9-AFFE-28E0BE8833AA}.Release|Any CPU.Build.0 = Release|Any CPU
		{9B72A417-D5AD-41CD-AB6D-875B6572ADA2}.Debug|Any CPU.ActiveCfg = Debug|Any CPU
		{9B72A417-D5AD-41CD-AB6D-875B6572ADA2}.Debug|Any CPU.Build.0 = Debug|Any CPU
		{9B72A417-D5AD-41CD-AB6D-875B6572ADA2}.Release|Any CPU.ActiveCfg = Release|Any CPU
		{9B72A417-D5AD-41CD-AB6D-875B6572ADA2}.Release|Any CPU.Build.0 = Release|Any CPU
		{651C1F05-A835-4DDA-9B7D-2EFD7460DB5A}.Debug|Any CPU.ActiveCfg = Debug|Any CPU
		{651C1F05-A835-4DDA-9B7D-2EFD7460DB5A}.Debug|Any CPU.Build.0 = Debug|Any CPU
		{651C1F05-A835-4DDA-9B7D-2EFD7460DB5A}.Release|Any CPU.ActiveCfg = Release|Any CPU
		{651C1F05-A835-4DDA-9B7D-2EFD7460DB5A}.Release|Any CPU.Build.0 = Release|Any CPU
	EndGlobalSection
	GlobalSection(SolutionProperties) = preSolution
		HideSolutionNode = FALSE
	EndGlobalSection
	GlobalSection(ExtensibilityGlobals) = postSolution
		SolutionGuid = {9E20C9F3-F1DA-487F-A8F6-CD61888FD386}
	EndGlobalSection
EndGlobal
